<?xml version="1.0" encoding="utf-8"?>
<Project ToolsVersion="4.0" xmlns="http://schemas.microsoft.com/developer/msbuild/2003">
  <ItemGroup>
    <ClCompile Include="Actor.cpp" />
    <ClCompile Include="Assets.cpp" />
    <ClCompile Include="Game.cpp" />
    <ClCompile Include="Random.cpp" />
    <ClCompile Include="Rectangle.cpp" />
    <ClCompile Include="Texture.cpp" />
    <ClCompile Include="CircleCollisionComponent.cpp">
      <Filter>Component\Physics</Filter>
    </ClCompile>
    <ClCompile Include="InputComponent.cpp">
      <Filter>Component</Filter>
    </ClCompile>
    <ClCompile Include="MoveComponent.cpp">
      <Filter>Component</Filter>
    </ClCompile>
    <ClCompile Include="SpriteComponent.cpp">
      <Filter>Component\Sprite</Filter>
    </ClCompile>
    <ClCompile Include="BackgroundSpriteComponent.cpp">
      <Filter>Component\Sprite</Filter>
    </ClCompile>
    <ClCompile Include="AnimSpriteComponent.cpp">
      <Filter>Component\Sprite</Filter>
    </ClCompile>
    <ClCompile Include="Component.cpp">
      <Filter>Component</Filter>
    </ClCompile>
    <ClCompile Include="Window.cpp">
      <Filter>Engine</Filter>
    </ClCompile>
    <ClCompile Include="Vector2.cpp">
      <Filter>Engine</Filter>
    </ClCompile>
    <ClCompile Include="Timer.cpp">
      <Filter>Engine</Filter>
    </ClCompile>
    <ClCompile Include="Main.cpp">
      <Filter>Engine</Filter>
    </ClCompile>
    <ClCompile Include="Log.cpp">
      <Filter>Engine</Filter>
    </ClCompile>
    <ClCompile Include="VertexArray.cpp" />
    <ClCompile Include="RendererOGL.cpp" />
    <ClCompile Include="Shader.cpp" />
    <ClCompile Include="Vector3.cpp" />
    <ClCompile Include="Matrix4.cpp" />
    <ClCompile Include="Quaternion.cpp" />
    <ClCompile Include="Mesh.cpp" />
    <ClCompile Include="MeshComponent.cpp" />
    <ClCompile Include="Camera.cpp" />
  </ItemGroup>
  <ItemGroup>
    <ClInclude Include="Actor.h" />
    <ClInclude Include="Assets.h" />
    <ClInclude Include="Game.h" />
    <ClInclude Include="Random.h" />
    <ClInclude Include="Rectangle.h" />
    <ClInclude Include="Texture.h" />
    <ClInclude Include="CircleCollisionComponent.h">
      <Filter>Component\Physics</Filter>
    </ClInclude>
    <ClInclude Include="InputComponent.h">
      <Filter>Component</Filter>
    </ClInclude>
    <ClInclude Include="MoveComponent.h">
      <Filter>Component</Filter>
    </ClInclude>
    <ClInclude Include="SpriteComponent.h">
      <Filter>Component\Sprite</Filter>
    </ClInclude>
    <ClInclude Include="BackgroundSpriteComponent.h">
      <Filter>Component\Sprite</Filter>
    </ClInclude>
    <ClInclude Include="AnimSpriteComponent.h">
      <Filter>Component\Sprite</Filter>
    </ClInclude>
    <ClInclude Include="Window.h">
      <Filter>Engine</Filter>
    </ClInclude>
    <ClInclude Include="Vector2.h">
      <Filter>Engine</Filter>
    </ClInclude>
    <ClInclude Include="Timer.h">
      <Filter>Engine</Filter>
    </ClInclude>
    <ClInclude Include="Maths.h">
      <Filter>Engine</Filter>
    </ClInclude>
    <ClInclude Include="Log.h">
      <Filter>Engine</Filter>
    </ClInclude>
    <ClInclude Include="IRenderer.h" />
    <ClInclude Include="VertexArray.h" />
    <ClInclude Include="RendererOGL.h" />
    <ClInclude Include="Shader.h" />
    <ClInclude Include="Vector3.h" />
    <ClInclude Include="Matrix4.h" />
    <ClInclude Include="Component.h">
      <Filter>Component</Filter>
    </ClInclude>
    <ClInclude Include="Quaternion.h" />
    <ClInclude Include="Mesh.h" />
    <ClInclude Include="MeshComponent.h" />
    <ClInclude Include="Camera.h" />
  </ItemGroup>
  <ItemGroup>
    <Filter Include="Component">
      <UniqueIdentifier>{014cfa1c-95ca-49d8-8a94-c4cf3ac2563b}</UniqueIdentifier>
    </Filter>
    <Filter Include="Component\Physics">
      <UniqueIdentifier>{99fe9324-d69c-4278-bfba-47d38eb1c967}</UniqueIdentifier>
    </Filter>
    <Filter Include="Component\Sprite">
      <UniqueIdentifier>{7bf3471a-335b-4e02-ae2b-27fdda70d8b4}</UniqueIdentifier>
    </Filter>
    <Filter Include="Engine">
      <UniqueIdentifier>{59713e9d-fe94-4049-a492-5bfb1b4c141e}</UniqueIdentifier>
    </Filter>
    <Filter Include="Shaders">
      <UniqueIdentifier>{811fe77f-2e91-4d85-82d1-87111061225d}</UniqueIdentifier>
    </Filter>
    <Filter Include="GameContent">
      <UniqueIdentifier>{d7e7effa-1c4e-4316-9b61-6c0b835bdbb5}</UniqueIdentifier>
    </Filter>
  </ItemGroup>
  <ItemGroup>
    <None Include="Basic.vert">
      <Filter>Shaders</Filter>
    </None>
    <None Include="Basic.frag">
      <Filter>Shaders</Filter>
    </None>
    <None Include="Transform.vert">
      <Filter>Shaders</Filter>
    </None>
    <None Include="Sprite.vert">
      <Filter>Shaders</Filter>
    </None>
    <None Include="Sprite.frag">
      <Filter>Shaders</Filter>
    </None>
    <None Include="BasicMesh.vert">
      <Filter>Shaders</Filter>
    </None>
    <None Include="BasicMesh.frag">
      <Filter>Shaders</Filter>
    </None>
  </ItemGroup>
</Project>